
Microsoft Visual Studio Solution File, Format Version 12.00
# Visual Studio Version 16
VisualStudioVersion = 16.0.28917.181
MinimumVisualStudioVersion = 10.0.40219.1
Project("{FAE04EC0-301F-11D3-BF4B-00C04F79EFBC}") = "Cogito.VisualBasic6.Sample", "Cogito.VisualBasic6.Sample\Cogito.VisualBasic6.Sample.csproj", "{16276DFC-8FEB-4354-9EAB-E6253787B8D9}"
EndProject
Global
	GlobalSection(SolutionConfigurationPlatforms) = preSolution
		Debug|Any CPU = Debug|Any CPU
		Release|Any CPU = Release|Any CPU
	EndGlobalSection
	GlobalSection(ProjectConfigurationPlatforms) = postSolution
		{16276DFC-8FEB-4354-9EAB-E6253787B8D9}.Debug|Any CPU.ActiveCfg = Debug|Any CPU
		{16276DFC-8FEB-4354-9EAB-E6253787B8D9}.Debug|Any CPU.Build.0 = Debug|Any CPU
		{16276DFC-8FEB-4354-9EAB-E6253787B8D9}.Release|Any CPU.ActiveCfg = Release|Any CPU
		{16276DFC-8FEB-4354-9EAB-E6253787B8D9}.Release|Any CPU.Build.0 = Release|Any CPU
	EndGlobalSection
	GlobalSection(SolutionProperties) = preSolution
		HideSolutionNode = FALSE
	EndGlobalSection
	GlobalSection(ExtensibilityGlobals) = postSolution
		SolutionGuid = {2ED6BA1E-F05F-47D6-968A-8BD23773B500}
	EndGlobalSection
EndGlobal
