
Microsoft Visual Studio Solution File, Format Version 12.00
# Visual Studio Version 16
VisualStudioVersion = 16.0.28711.60
MinimumVisualStudioVersion = 10.0.40219.1
Project("{FAE04EC0-301F-11D3-BF4B-00C04F79EFBC}") = "Cogito.VisualBasic6.Sample", "Cogito.VisualBasic6.Sample\Cogito.VisualBasic6.Sample.csproj", "{83525EED-0882-422E-B0B2-63DCE0CBA46E}"
EndProject
Global
	GlobalSection(SolutionConfigurationPlatforms) = preSolution
		Debug|Any CPU = Debug|Any CPU
		Release|Any CPU = Release|Any CPU
	EndGlobalSection
	GlobalSection(ProjectConfigurationPlatforms) = postSolution
		{83525EED-0882-422E-B0B2-63DCE0CBA46E}.Debug|Any CPU.ActiveCfg = Debug|Any CPU
		{83525EED-0882-422E-B0B2-63DCE0CBA46E}.Debug|Any CPU.Build.0 = Debug|Any CPU
		{83525EED-0882-422E-B0B2-63DCE0CBA46E}.Release|Any CPU.ActiveCfg = Release|Any CPU
		{83525EED-0882-422E-B0B2-63DCE0CBA46E}.Release|Any CPU.Build.0 = Release|Any CPU
	EndGlobalSection
	GlobalSection(SolutionProperties) = preSolution
		HideSolutionNode = FALSE
	EndGlobalSection
	GlobalSection(ExtensibilityGlobals) = postSolution
		SolutionGuid = {E6C7BBAA-8FDE-4B12-9926-86A754CA443C}
	EndGlobalSection
EndGlobal
