
Microsoft Visual Studio Solution File, Format Version 12.00
# Visual Studio Version 16
VisualStudioVersion = 16.0.28711.60
MinimumVisualStudioVersion = 10.0.40219.1
Project("{2150E333-8FDC-42A3-9474-1A3956D46DE8}") = "Solution Items", "Solution Items", "{CC86FB94-6D1C-4919-A797-2165F050F9B8}"
	ProjectSection(SolutionItems) = preProject
		..\appveyor.yml = ..\appveyor.yml
		..\README.md = ..\README.md
	EndProjectSection
EndProject
Project("{9A19103F-16F7-4668-BE54-9A1E7A4F7556}") = "Cogito.VisualBasic6.MSBuild", "Cogito.VisualBasic6.MSBuild\Cogito.VisualBasic6.MSBuild.csproj", "{5BE8ED66-B5E8-47E9-8CC3-B539AA656EE5}"
EndProject
Project("{FAE04EC0-301F-11D3-BF4B-00C04F79EFBC}") = "Cogito.VisualBasic6.Make", "Cogito.VisualBasic6.Make\Cogito.VisualBasic6.Make.csproj", "{723B5733-2A20-4D66-A8AB-1A531366D3DD}"
EndProject
Global
	GlobalSection(SolutionConfigurationPlatforms) = preSolution
		Debug|Any CPU = Debug|Any CPU
		Release|Any CPU = Release|Any CPU
	EndGlobalSection
	GlobalSection(ProjectConfigurationPlatforms) = postSolution
		{5BE8ED66-B5E8-47E9-8CC3-B539AA656EE5}.Debug|Any CPU.ActiveCfg = Debug|Any CPU
		{5BE8ED66-B5E8-47E9-8CC3-B539AA656EE5}.Debug|Any CPU.Build.0 = Debug|Any CPU
		{5BE8ED66-B5E8-47E9-8CC3-B539AA656EE5}.Release|Any CPU.ActiveCfg = Release|Any CPU
		{5BE8ED66-B5E8-47E9-8CC3-B539AA656EE5}.Release|Any CPU.Build.0 = Release|Any CPU
		{723B5733-2A20-4D66-A8AB-1A531366D3DD}.Debug|Any CPU.ActiveCfg = Debug|Any CPU
		{723B5733-2A20-4D66-A8AB-1A531366D3DD}.Debug|Any CPU.Build.0 = Debug|Any CPU
		{723B5733-2A20-4D66-A8AB-1A531366D3DD}.Release|Any CPU.ActiveCfg = Release|Any CPU
		{723B5733-2A20-4D66-A8AB-1A531366D3DD}.Release|Any CPU.Build.0 = Release|Any CPU
	EndGlobalSection
	GlobalSection(SolutionProperties) = preSolution
		HideSolutionNode = FALSE
	EndGlobalSection
	GlobalSection(ExtensibilityGlobals) = postSolution
		SolutionGuid = {ABFB7A4D-0A5B-4BDB-A3C9-75A46A90B8BB}
	EndGlobalSection
EndGlobal
